
Microsoft Visual Studio Solution File, Format Version 12.00
# Visual Studio Version 17
VisualStudioVersion = 17.0.32112.339
MinimumVisualStudioVersion = 10.0.40219.1
Project("{9A19103F-16F7-4668-BE54-9A1E7A4F7556}") = "IWMM", "IWMM.csproj", "{5F271D0A-CD4F-420E-9668-400766B88E59}"
EndProject
Project("{FAE04EC0-301F-11D3-BF4B-00C04F79EFBC}") = "IWMM.Tests", "..\IWMM.Tests\IWMM.Tests.csproj", "{670A9C62-9C3B-412A-8526-D2C50908A39D}"
EndProject
Global
	GlobalSection(SolutionConfigurationPlatforms) = preSolution
		Debug|Any CPU = Debug|Any CPU
		Release|Any CPU = Release|Any CPU
	EndGlobalSection
	GlobalSection(ProjectConfigurationPlatforms) = postSolution
		{5F271D0A-CD4F-420E-9668-400766B88E59}.Debug|Any CPU.ActiveCfg = Debug|Any CPU
		{5F271D0A-CD4F-420E-9668-400766B88E59}.Debug|Any CPU.Build.0 = Debug|Any CPU
		{5F271D0A-CD4F-420E-9668-400766B88E59}.Release|Any CPU.ActiveCfg = Release|Any CPU
		{5F271D0A-CD4F-420E-9668-400766B88E59}.Release|Any CPU.Build.0 = Release|Any CPU
		{670A9C62-9C3B-412A-8526-D2C50908A39D}.Debug|Any CPU.ActiveCfg = Debug|Any CPU
		{670A9C62-9C3B-412A-8526-D2C50908A39D}.Debug|Any CPU.Build.0 = Debug|Any CPU
		{670A9C62-9C3B-412A-8526-D2C50908A39D}.Release|Any CPU.ActiveCfg = Release|Any CPU
		{670A9C62-9C3B-412A-8526-D2C50908A39D}.Release|Any CPU.Build.0 = Release|Any CPU
	EndGlobalSection
	GlobalSection(SolutionProperties) = preSolution
		HideSolutionNode = FALSE
	EndGlobalSection
	GlobalSection(ExtensibilityGlobals) = postSolution
		SolutionGuid = {B3C6C230-47EE-4AAF-8C05-9D7B78EA625D}
	EndGlobalSection
EndGlobal
